
Microsoft Visual Studio Solution File, Format Version 12.00
# Visual Studio Version 16
VisualStudioVersion = 16.0.30611.23
MinimumVisualStudioVersion = 10.0.40219.1
Project("{FAE04EC0-301F-11D3-BF4B-00C04F79EFBC}") = "OOP Project - Hospital Management System", "OOP Project - Hospital Management System.csproj", "{69F4BA6F-6295-410B-8C7A-17DF9985D561}"
EndProject
Global
	GlobalSection(SolutionConfigurationPlatforms) = preSolution
		Debug|Any CPU = Debug|Any CPU
		Release|Any CPU = Release|Any CPU
	EndGlobalSection
	GlobalSection(ProjectConfigurationPlatforms) = postSolution
		{69F4BA6F-6295-410B-8C7A-17DF9985D561}.Debug|Any CPU.ActiveCfg = Debug|Any CPU
		{69F4BA6F-6295-410B-8C7A-17DF9985D561}.Debug|Any CPU.Build.0 = Debug|Any CPU
		{69F4BA6F-6295-410B-8C7A-17DF9985D561}.Release|Any CPU.ActiveCfg = Release|Any CPU
		{69F4BA6F-6295-410B-8C7A-17DF9985D561}.Release|Any CPU.Build.0 = Release|Any CPU
	EndGlobalSection
	GlobalSection(SolutionProperties) = preSolution
		HideSolutionNode = FALSE
	EndGlobalSection
	GlobalSection(ExtensibilityGlobals) = postSolution
		SolutionGuid = {2A4F602D-287F-45F6-9A9F-3E999EB832E9}
	EndGlobalSection
EndGlobal
